
Microsoft Visual Studio Solution File, Format Version 12.00
# Visual Studio Version 16
VisualStudioVersion = 16.0.30114.105
MinimumVisualStudioVersion = 10.0.40219.1
Project("{FAE04EC0-301F-11D3-BF4B-00C04F79EFBC}") = "CalmanFiltering", "CalmanFiltering\CalmanFiltering.csproj", "{78DBBD6A-41A0-4C65-B1C7-7D3EEECE5015}"
EndProject
Project("{2150E333-8FDC-42A3-9474-1A3956D46DE8}") = "Tests", "Tests", "{7F4FE752-B870-4FAC-984A-B897E750095C}"
EndProject
Project("{FAE04EC0-301F-11D3-BF4B-00C04F79EFBC}") = "CalmanFiltering.Tests", "Tests\CalmanFiltering.Tests\CalmanFiltering.Tests.csproj", "{8C16F81F-7101-4D09-8BDA-D1E45BFA9463}"
EndProject
Global
	GlobalSection(SolutionConfigurationPlatforms) = preSolution
		Debug|Any CPU = Debug|Any CPU
		Release|Any CPU = Release|Any CPU
	EndGlobalSection
	GlobalSection(ProjectConfigurationPlatforms) = postSolution
		{78DBBD6A-41A0-4C65-B1C7-7D3EEECE5015}.Debug|Any CPU.ActiveCfg = Debug|Any CPU
		{78DBBD6A-41A0-4C65-B1C7-7D3EEECE5015}.Debug|Any CPU.Build.0 = Debug|Any CPU
		{78DBBD6A-41A0-4C65-B1C7-7D3EEECE5015}.Release|Any CPU.ActiveCfg = Release|Any CPU
		{78DBBD6A-41A0-4C65-B1C7-7D3EEECE5015}.Release|Any CPU.Build.0 = Release|Any CPU
		{8C16F81F-7101-4D09-8BDA-D1E45BFA9463}.Debug|Any CPU.ActiveCfg = Debug|Any CPU
		{8C16F81F-7101-4D09-8BDA-D1E45BFA9463}.Debug|Any CPU.Build.0 = Debug|Any CPU
		{8C16F81F-7101-4D09-8BDA-D1E45BFA9463}.Release|Any CPU.ActiveCfg = Release|Any CPU
		{8C16F81F-7101-4D09-8BDA-D1E45BFA9463}.Release|Any CPU.Build.0 = Release|Any CPU
	EndGlobalSection
	GlobalSection(SolutionProperties) = preSolution
		HideSolutionNode = FALSE
	EndGlobalSection
	GlobalSection(NestedProjects) = preSolution
		{8C16F81F-7101-4D09-8BDA-D1E45BFA9463} = {7F4FE752-B870-4FAC-984A-B897E750095C}
	EndGlobalSection
	GlobalSection(ExtensibilityGlobals) = postSolution
		SolutionGuid = {5F65F0A2-3D17-487B-A5E4-7601030D0F27}
	EndGlobalSection
EndGlobal
